{
  "name": "node-millions-ddos",
  "version": "0.0.0",
  "lockfileVersion": 2,
  "requires": true,
  "packages": {
    "": {
      "name": "node-millions-ddos",
      "version": "0.0.0",
      "license": "MIT",
      "dependencies": {
        "fake-useragent": "^1.0.1"
      },
      "engines": {
        "node": "17.6.0"
      }
    },
    "node_modules/fake-useragent": {
      "version": "1.0.1",
      "resolved": "https://registry.npmjs.org/fake-useragent/-/fake-useragent-1.0.1.tgz",
      "integrity": "sha1-7Hpdk7SmURj6b4XGjp3e9TEsOBo="
    }
  },
  "dependencies": {
    "fake-useragent": {
      "version": "1.0.1",
      "resolved": "https://registry.npmjs.org/fake-useragent/-/fake-useragent-1.0.1.tgz",
      "integrity": "sha1-7Hpdk7SmURj6b4XGjp3e9TEsOBo="
    }
  }
}
